
Microsoft Visual Studio Solution File, Format Version 12.00
# Visual Studio 15
VisualStudioVersion = 15.0.28010.2003
MinimumVisualStudioVersion = 10.0.40219.1
Project("{FAE04EC0-301F-11D3-BF4B-00C04F79EFBC}") = "RollAndKeep.Android", "RollAndKeep\RollAndKeep.Android\RollAndKeep.Android.csproj", "{9EFBB3B3-A4B9-4BEF-8673-AF7E175228E9}"
EndProject
Project("{FAE04EC0-301F-11D3-BF4B-00C04F79EFBC}") = "RollAndKeep.iOS", "RollAndKeep\RollAndKeep.iOS\RollAndKeep.iOS.csproj", "{DF978F1D-6C4B-4425-BEF0-8B50AD0EDA49}"
EndProject
Project("{FAE04EC0-301F-11D3-BF4B-00C04F79EFBC}") = "RollAndKeep.UWP", "RollAndKeep\RollAndKeep.UWP\RollAndKeep.UWP.csproj", "{FA76019C-B38E-4519-8957-A03A5B422EF6}"
EndProject
Project("{9A19103F-16F7-4668-BE54-9A1E7A4F7556}") = "RollAndKeep", "RollAndKeep\RollAndKeep\RollAndKeep.csproj", "{8C6B150C-3D6E-4FF5-9502-559C43C16BF2}"
EndProject
Project("{9A19103F-16F7-4668-BE54-9A1E7A4F7556}") = "RollAndKeep.Business", "RollAndKeep.Business\RollAndKeep.Business.csproj", "{DDAEDDB7-25B7-44B1-8184-D33FA2811411}"
EndProject
Project("{2150E333-8FDC-42A3-9474-1A3956D46DE8}") = "50 - Business", "50 - Business", "{E68727C7-AF42-4D34-8ED3-1D6507C452D2}"
EndProject
Project("{2150E333-8FDC-42A3-9474-1A3956D46DE8}") = "10 - Models", "10 - Models", "{8A2EC789-5CCB-43BE-9BE7-69D104303ED9}"
EndProject
Project("{9A19103F-16F7-4668-BE54-9A1E7A4F7556}") = "RollAndKeep.Models", "RollAndKeep.Models\RollAndKeep.Models.csproj", "{A85B08B2-30D2-4E28-A72F-844053BC7B41}"
EndProject
Project("{FAE04EC0-301F-11D3-BF4B-00C04F79EFBC}") = "RollAndKeep.Business.Tests", "RollAndKeep.Business.Tests\RollAndKeep.Business.Tests.csproj", "{F7645C2B-8702-4EDB-A04D-8CFF78B7E131}"
EndProject
Project("{2150E333-8FDC-42A3-9474-1A3956D46DE8}") = "15 - TestHelper", "15 - TestHelper", "{BD5FF89C-6A41-48FB-A0E5-96256A6974A0}"
EndProject
Project("{9A19103F-16F7-4668-BE54-9A1E7A4F7556}") = "RollAndKeep.TestHelper", "RollAndKeep.TestHelper\RollAndKeep.TestHelper.csproj", "{921CC8D1-6DDE-4670-82CF-14AACEF4CA5B}"
EndProject
Project("{2150E333-8FDC-42A3-9474-1A3956D46DE8}") = "20 - Helper", "20 - Helper", "{5493BAA5-9DCE-4ECE-A538-38D4586D1BC9}"
EndProject
Project("{FAE04EC0-301F-11D3-BF4B-00C04F79EFBC}") = "RollAndKeep.Helper", "RollAndKeep.Helper\RollAndKeep.Helper.csproj", "{6387CEF0-0B66-44DD-BF07-1889BBD607A9}"
EndProject
Project("{FAE04EC0-301F-11D3-BF4B-00C04F79EFBC}") = "RollAndKeep.Helper.Test", "RollAndKeep.Helper.Test\RollAndKeep.Helper.Test.csproj", "{34701372-44E5-4E2D-9C4D-2E19EB26B97D}"
EndProject
Global
	GlobalSection(SolutionConfigurationPlatforms) = preSolution
		Ad-Hoc|Any CPU = Ad-Hoc|Any CPU
		Ad-Hoc|ARM = Ad-Hoc|ARM
		Ad-Hoc|iPhone = Ad-Hoc|iPhone
		Ad-Hoc|iPhoneSimulator = Ad-Hoc|iPhoneSimulator
		Ad-Hoc|x64 = Ad-Hoc|x64
		Ad-Hoc|x86 = Ad-Hoc|x86
		AppStore|Any CPU = AppStore|Any CPU
		AppStore|ARM = AppStore|ARM
		AppStore|iPhone = AppStore|iPhone
		AppStore|iPhoneSimulator = AppStore|iPhoneSimulator
		AppStore|x64 = AppStore|x64
		AppStore|x86 = AppStore|x86
		Debug|Any CPU = Debug|Any CPU
		Debug|ARM = Debug|ARM
		Debug|iPhone = Debug|iPhone
		Debug|iPhoneSimulator = Debug|iPhoneSimulator
		Debug|x64 = Debug|x64
		Debug|x86 = Debug|x86
		Release|Any CPU = Release|Any CPU
		Release|ARM = Release|ARM
		Release|iPhone = Release|iPhone
		Release|iPhoneSimulator = Release|iPhoneSimulator
		Release|x64 = Release|x64
		Release|x86 = Release|x86
	EndGlobalSection
	GlobalSection(ProjectConfigurationPlatforms) = postSolution
		{9EFBB3B3-A4B9-4BEF-8673-AF7E175228E9}.Ad-Hoc|Any CPU.ActiveCfg = Release|Any CPU
		{9EFBB3B3-A4B9-4BEF-8673-AF7E175228E9}.Ad-Hoc|Any CPU.Build.0 = Release|Any CPU
		{9EFBB3B3-A4B9-4BEF-8673-AF7E175228E9}.Ad-Hoc|Any CPU.Deploy.0 = Release|Any CPU
		{9EFBB3B3-A4B9-4BEF-8673-AF7E175228E9}.Ad-Hoc|ARM.ActiveCfg = Release|Any CPU
		{9EFBB3B3-A4B9-4BEF-8673-AF7E175228E9}.Ad-Hoc|ARM.Build.0 = Release|Any CPU
		{9EFBB3B3-A4B9-4BEF-8673-AF7E175228E9}.Ad-Hoc|ARM.Deploy.0 = Release|Any CPU
		{9EFBB3B3-A4B9-4BEF-8673-AF7E175228E9}.Ad-Hoc|iPhone.ActiveCfg = Release|Any CPU
		{9EFBB3B3-A4B9-4BEF-8673-AF7E175228E9}.Ad-Hoc|iPhone.Build.0 = Release|Any CPU
		{9EFBB3B3-A4B9-4BEF-8673-AF7E175228E9}.Ad-Hoc|iPhone.Deploy.0 = Release|Any CPU
		{9EFBB3B3-A4B9-4BEF-8673-AF7E175228E9}.Ad-Hoc|iPhoneSimulator.ActiveCfg = Release|Any CPU
		{9EFBB3B3-A4B9-4BEF-8673-AF7E175228E9}.Ad-Hoc|iPhoneSimulator.Build.0 = Release|Any CPU
		{9EFBB3B3-A4B9-4BEF-8673-AF7E175228E9}.Ad-Hoc|iPhoneSimulator.Deploy.0 = Release|Any CPU
		{9EFBB3B3-A4B9-4BEF-8673-AF7E175228E9}.Ad-Hoc|x64.ActiveCfg = Release|Any CPU
		{9EFBB3B3-A4B9-4BEF-8673-AF7E175228E9}.Ad-Hoc|x64.Build.0 = Release|Any CPU
		{9EFBB3B3-A4B9-4BEF-8673-AF7E175228E9}.Ad-Hoc|x64.Deploy.0 = Release|Any CPU
		{9EFBB3B3-A4B9-4BEF-8673-AF7E175228E9}.Ad-Hoc|x86.ActiveCfg = Release|Any CPU
		{9EFBB3B3-A4B9-4BEF-8673-AF7E175228E9}.Ad-Hoc|x86.Build.0 = Release|Any CPU
		{9EFBB3B3-A4B9-4BEF-8673-AF7E175228E9}.Ad-Hoc|x86.Deploy.0 = Release|Any CPU
		{9EFBB3B3-A4B9-4BEF-8673-AF7E175228E9}.AppStore|Any CPU.ActiveCfg = Release|Any CPU
		{9EFBB3B3-A4B9-4BEF-8673-AF7E175228E9}.AppStore|Any CPU.Build.0 = Release|Any CPU
		{9EFBB3B3-A4B9-4BEF-8673-AF7E175228E9}.AppStore|Any CPU.Deploy.0 = Release|Any CPU
		{9EFBB3B3-A4B9-4BEF-8673-AF7E175228E9}.AppStore|ARM.ActiveCfg = Release|Any CPU
		{9EFBB3B3-A4B9-4BEF-8673-AF7E175228E9}.AppStore|ARM.Build.0 = Release|Any CPU
		{9EFBB3B3-A4B9-4BEF-8673-AF7E175228E9}.AppStore|ARM.Deploy.0 = Release|Any CPU
		{9EFBB3B3-A4B9-4BEF-8673-AF7E175228E9}.AppStore|iPhone.ActiveCfg = Release|Any CPU
		{9EFBB3B3-A4B9-4BEF-8673-AF7E175228E9}.AppStore|iPhone.Build.0 = Release|Any CPU
		{9EFBB3B3-A4B9-4BEF-8673-AF7E175228E9}.AppStore|iPhone.Deploy.0 = Release|Any CPU
		{9EFBB3B3-A4B9-4BEF-8673-AF7E175228E9}.AppStore|iPhoneSimulator.ActiveCfg = Release|Any CPU
		{9EFBB3B3-A4B9-4BEF-8673-AF7E175228E9}.AppStore|iPhoneSimulator.Build.0 = Release|Any CPU
		{9EFBB3B3-A4B9-4BEF-8673-AF7E175228E9}.AppStore|iPhoneSimulator.Deploy.0 = Release|Any CPU
		{9EFBB3B3-A4B9-4BEF-8673-AF7E175228E9}.AppStore|x64.ActiveCfg = Release|Any CPU
		{9EFBB3B3-A4B9-4BEF-8673-AF7E175228E9}.AppStore|x64.Build.0 = Release|Any CPU
		{9EFBB3B3-A4B9-4BEF-8673-AF7E175228E9}.AppStore|x64.Deploy.0 = Release|Any CPU
		{9EFBB3B3-A4B9-4BEF-8673-AF7E175228E9}.AppStore|x86.ActiveCfg = Release|Any CPU
		{9EFBB3B3-A4B9-4BEF-8673-AF7E175228E9}.AppStore|x86.Build.0 = Release|Any CPU
		{9EFBB3B3-A4B9-4BEF-8673-AF7E175228E9}.AppStore|x86.Deploy.0 = Release|Any CPU
		{9EFBB3B3-A4B9-4BEF-8673-AF7E175228E9}.Debug|Any CPU.ActiveCfg = Debug|Any CPU
		{9EFBB3B3-A4B9-4BEF-8673-AF7E175228E9}.Debug|Any CPU.Build.0 = Debug|Any CPU
		{9EFBB3B3-A4B9-4BEF-8673-AF7E175228E9}.Debug|Any CPU.Deploy.0 = Debug|Any CPU
		{9EFBB3B3-A4B9-4BEF-8673-AF7E175228E9}.Debug|ARM.ActiveCfg = Debug|Any CPU
		{9EFBB3B3-A4B9-4BEF-8673-AF7E175228E9}.Debug|ARM.Build.0 = Debug|Any CPU
		{9EFBB3B3-A4B9-4BEF-8673-AF7E175228E9}.Debug|ARM.Deploy.0 = Debug|Any CPU
		{9EFBB3B3-A4B9-4BEF-8673-AF7E175228E9}.Debug|iPhone.ActiveCfg = Debug|Any CPU
		{9EFBB3B3-A4B9-4BEF-8673-AF7E175228E9}.Debug|iPhone.Build.0 = Debug|Any CPU
		{9EFBB3B3-A4B9-4BEF-8673-AF7E175228E9}.Debug|iPhone.Deploy.0 = Debug|Any CPU
		{9EFBB3B3-A4B9-4BEF-8673-AF7E175228E9}.Debug|iPhoneSimulator.ActiveCfg = Debug|Any CPU
		{9EFBB3B3-A4B9-4BEF-8673-AF7E175228E9}.Debug|iPhoneSimulator.Build.0 = Debug|Any CPU
		{9EFBB3B3-A4B9-4BEF-8673-AF7E175228E9}.Debug|iPhoneSimulator.Deploy.0 = Debug|Any CPU
		{9EFBB3B3-A4B9-4BEF-8673-AF7E175228E9}.Debug|x64.ActiveCfg = Debug|Any CPU
		{9EFBB3B3-A4B9-4BEF-8673-AF7E175228E9}.Debug|x64.Build.0 = Debug|Any CPU
		{9EFBB3B3-A4B9-4BEF-8673-AF7E175228E9}.Debug|x64.Deploy.0 = Debug|Any CPU
		{9EFBB3B3-A4B9-4BEF-8673-AF7E175228E9}.Debug|x86.ActiveCfg = Debug|Any CPU
		{9EFBB3B3-A4B9-4BEF-8673-AF7E175228E9}.Debug|x86.Build.0 = Debug|Any CPU
		{9EFBB3B3-A4B9-4BEF-8673-AF7E175228E9}.Debug|x86.Deploy.0 = Debug|Any CPU
		{9EFBB3B3-A4B9-4BEF-8673-AF7E175228E9}.Release|Any CPU.ActiveCfg = Release|Any CPU
		{9EFBB3B3-A4B9-4BEF-8673-AF7E175228E9}.Release|Any CPU.Build.0 = Release|Any CPU
		{9EFBB3B3-A4B9-4BEF-8673-AF7E175228E9}.Release|Any CPU.Deploy.0 = Release|Any CPU
		{9EFBB3B3-A4B9-4BEF-8673-AF7E175228E9}.Release|ARM.ActiveCfg = Release|Any CPU
		{9EFBB3B3-A4B9-4BEF-8673-AF7E175228E9}.Release|ARM.Build.0 = Release|Any CPU
		{9EFBB3B3-A4B9-4BEF-8673-AF7E175228E9}.Release|ARM.Deploy.0 = Release|Any CPU
		{9EFBB3B3-A4B9-4BEF-8673-AF7E175228E9}.Release|iPhone.ActiveCfg = Release|Any CPU
		{9EFBB3B3-A4B9-4BEF-8673-AF7E175228E9}.Release|iPhone.Build.0 = Release|Any CPU
		{9EFBB3B3-A4B9-4BEF-8673-AF7E175228E9}.Release|iPhone.Deploy.0 = Release|Any CPU
		{9EFBB3B3-A4B9-4BEF-8673-AF7E175228E9}.Release|iPhoneSimulator.ActiveCfg = Release|Any CPU
		{9EFBB3B3-A4B9-4BEF-8673-AF7E175228E9}.Release|iPhoneSimulator.Build.0 = Release|Any CPU
		{9EFBB3B3-A4B9-4BEF-8673-AF7E175228E9}.Release|iPhoneSimulator.Deploy.0 = Release|Any CPU
		{9EFBB3B3-A4B9-4BEF-8673-AF7E175228E9}.Release|x64.ActiveCfg = Release|Any CPU
		{9EFBB3B3-A4B9-4BEF-8673-AF7E175228E9}.Release|x64.Build.0 = Release|Any CPU
		{9EFBB3B3-A4B9-4BEF-8673-AF7E175228E9}.Release|x64.Deploy.0 = Release|Any CPU
		{9EFBB3B3-A4B9-4BEF-8673-AF7E175228E9}.Release|x86.ActiveCfg = Release|Any CPU
		{9EFBB3B3-A4B9-4BEF-8673-AF7E175228E9}.Release|x86.Build.0 = Release|Any CPU
		{9EFBB3B3-A4B9-4BEF-8673-AF7E175228E9}.Release|x86.Deploy.0 = Release|Any CPU
		{DF978F1D-6C4B-4425-BEF0-8B50AD0EDA49}.Ad-Hoc|Any CPU.ActiveCfg = Ad-Hoc|iPhone
		{DF978F1D-6C4B-4425-BEF0-8B50AD0EDA49}.Ad-Hoc|Any CPU.Build.0 = Ad-Hoc|iPhone
		{DF978F1D-6C4B-4425-BEF0-8B50AD0EDA49}.Ad-Hoc|Any CPU.Deploy.0 = Ad-Hoc|iPhone
		{DF978F1D-6C4B-4425-BEF0-8B50AD0EDA49}.Ad-Hoc|ARM.ActiveCfg = Ad-Hoc|iPhone
		{DF978F1D-6C4B-4425-BEF0-8B50AD0EDA49}.Ad-Hoc|ARM.Build.0 = Ad-Hoc|iPhone
		{DF978F1D-6C4B-4425-BEF0-8B50AD0EDA49}.Ad-Hoc|ARM.Deploy.0 = Ad-Hoc|iPhone
		{DF978F1D-6C4B-4425-BEF0-8B50AD0EDA49}.Ad-Hoc|iPhone.ActiveCfg = Ad-Hoc|iPhone
		{DF978F1D-6C4B-4425-BEF0-8B50AD0EDA49}.Ad-Hoc|iPhone.Build.0 = Ad-Hoc|iPhone
		{DF978F1D-6C4B-4425-BEF0-8B50AD0EDA49}.Ad-Hoc|iPhone.Deploy.0 = Ad-Hoc|iPhone
		{DF978F1D-6C4B-4425-BEF0-8B50AD0EDA49}.Ad-Hoc|iPhoneSimulator.ActiveCfg = Ad-Hoc|iPhoneSimulator
		{DF978F1D-6C4B-4425-BEF0-8B50AD0EDA49}.Ad-Hoc|iPhoneSimulator.Build.0 = Ad-Hoc|iPhoneSimulator
		{DF978F1D-6C4B-4425-BEF0-8B50AD0EDA49}.Ad-Hoc|iPhoneSimulator.Deploy.0 = Ad-Hoc|iPhoneSimulator
		{DF978F1D-6C4B-4425-BEF0-8B50AD0EDA49}.Ad-Hoc|x64.ActiveCfg = Ad-Hoc|iPhone
		{DF978F1D-6C4B-4425-BEF0-8B50AD0EDA49}.Ad-Hoc|x64.Build.0 = Ad-Hoc|iPhone
		{DF978F1D-6C4B-4425-BEF0-8B50AD0EDA49}.Ad-Hoc|x64.Deploy.0 = Ad-Hoc|iPhone
		{DF978F1D-6C4B-4425-BEF0-8B50AD0EDA49}.Ad-Hoc|x86.ActiveCfg = Ad-Hoc|iPhone
		{DF978F1D-6C4B-4425-BEF0-8B50AD0EDA49}.Ad-Hoc|x86.Build.0 = Ad-Hoc|iPhone
		{DF978F1D-6C4B-4425-BEF0-8B50AD0EDA49}.Ad-Hoc|x86.Deploy.0 = Ad-Hoc|iPhone
		{DF978F1D-6C4B-4425-BEF0-8B50AD0EDA49}.AppStore|Any CPU.ActiveCfg = AppStore|iPhone
		{DF978F1D-6C4B-4425-BEF0-8B50AD0EDA49}.AppStore|Any CPU.Build.0 = AppStore|iPhone
		{DF978F1D-6C4B-4425-BEF0-8B50AD0EDA49}.AppStore|Any CPU.Deploy.0 = AppStore|iPhone
		{DF978F1D-6C4B-4425-BEF0-8B50AD0EDA49}.AppStore|ARM.ActiveCfg = AppStore|iPhone
		{DF978F1D-6C4B-4425-BEF0-8B50AD0EDA49}.AppStore|ARM.Build.0 = AppStore|iPhone
		{DF978F1D-6C4B-4425-BEF0-8B50AD0EDA49}.AppStore|ARM.Deploy.0 = AppStore|iPhone
		{DF978F1D-6C4B-4425-BEF0-8B50AD0EDA49}.AppStore|iPhone.ActiveCfg = AppStore|iPhone
		{DF978F1D-6C4B-4425-BEF0-8B50AD0EDA49}.AppStore|iPhone.Build.0 = AppStore|iPhone
		{DF978F1D-6C4B-4425-BEF0-8B50AD0EDA49}.AppStore|iPhone.Deploy.0 = AppStore|iPhone
		{DF978F1D-6C4B-4425-BEF0-8B50AD0EDA49}.AppStore|iPhoneSimulator.ActiveCfg = AppStore|iPhoneSimulator
		{DF978F1D-6C4B-4425-BEF0-8B50AD0EDA49}.AppStore|iPhoneSimulator.Build.0 = AppStore|iPhoneSimulator
		{DF978F1D-6C4B-4425-BEF0-8B50AD0EDA49}.AppStore|iPhoneSimulator.Deploy.0 = AppStore|iPhoneSimulator
		{DF978F1D-6C4B-4425-BEF0-8B50AD0EDA49}.AppStore|x64.ActiveCfg = AppStore|iPhone
		{DF978F1D-6C4B-4425-BEF0-8B50AD0EDA49}.AppStore|x64.Build.0 = AppStore|iPhone
		{DF978F1D-6C4B-4425-BEF0-8B50AD0EDA49}.AppStore|x64.Deploy.0 = AppStore|iPhone
		{DF978F1D-6C4B-4425-BEF0-8B50AD0EDA49}.AppStore|x86.ActiveCfg = AppStore|iPhone
		{DF978F1D-6C4B-4425-BEF0-8B50AD0EDA49}.AppStore|x86.Build.0 = AppStore|iPhone
		{DF978F1D-6C4B-4425-BEF0-8B50AD0EDA49}.AppStore|x86.Deploy.0 = AppStore|iPhone
		{DF978F1D-6C4B-4425-BEF0-8B50AD0EDA49}.Debug|Any CPU.ActiveCfg = Debug|iPhoneSimulator
		{DF978F1D-6C4B-4425-BEF0-8B50AD0EDA49}.Debug|Any CPU.Build.0 = Debug|iPhoneSimulator
		{DF978F1D-6C4B-4425-BEF0-8B50AD0EDA49}.Debug|Any CPU.Deploy.0 = Debug|iPhoneSimulator
		{DF978F1D-6C4B-4425-BEF0-8B50AD0EDA49}.Debug|ARM.ActiveCfg = Debug|iPhone
		{DF978F1D-6C4B-4425-BEF0-8B50AD0EDA49}.Debug|ARM.Build.0 = Debug|iPhone
		{DF978F1D-6C4B-4425-BEF0-8B50AD0EDA49}.Debug|ARM.Deploy.0 = Debug|iPhone
		{DF978F1D-6C4B-4425-BEF0-8B50AD0EDA49}.Debug|iPhone.ActiveCfg = Debug|iPhone
		{DF978F1D-6C4B-4425-BEF0-8B50AD0EDA49}.Debug|iPhone.Build.0 = Debug|iPhone
		{DF978F1D-6C4B-4425-BEF0-8B50AD0EDA49}.Debug|iPhone.Deploy.0 = Debug|iPhone
		{DF978F1D-6C4B-4425-BEF0-8B50AD0EDA49}.Debug|iPhoneSimulator.ActiveCfg = Debug|iPhoneSimulator
		{DF978F1D-6C4B-4425-BEF0-8B50AD0EDA49}.Debug|iPhoneSimulator.Build.0 = Debug|iPhoneSimulator
		{DF978F1D-6C4B-4425-BEF0-8B50AD0EDA49}.Debug|iPhoneSimulator.Deploy.0 = Debug|iPhoneSimulator
		{DF978F1D-6C4B-4425-BEF0-8B50AD0EDA49}.Debug|x64.ActiveCfg = Debug|iPhone
		{DF978F1D-6C4B-4425-BEF0-8B50AD0EDA49}.Debug|x64.Build.0 = Debug|iPhone
		{DF978F1D-6C4B-4425-BEF0-8B50AD0EDA49}.Debug|x64.Deploy.0 = Debug|iPhone
		{DF978F1D-6C4B-4425-BEF0-8B50AD0EDA49}.Debug|x86.ActiveCfg = Debug|iPhone
		{DF978F1D-6C4B-4425-BEF0-8B50AD0EDA49}.Debug|x86.Build.0 = Debug|iPhone
		{DF978F1D-6C4B-4425-BEF0-8B50AD0EDA49}.Debug|x86.Deploy.0 = Debug|iPhone
		{DF978F1D-6C4B-4425-BEF0-8B50AD0EDA49}.Release|Any CPU.ActiveCfg = Release|iPhone
		{DF978F1D-6C4B-4425-BEF0-8B50AD0EDA49}.Release|Any CPU.Build.0 = Release|iPhone
		{DF978F1D-6C4B-4425-BEF0-8B50AD0EDA49}.Release|Any CPU.Deploy.0 = Release|iPhone
		{DF978F1D-6C4B-4425-BEF0-8B50AD0EDA49}.Release|ARM.ActiveCfg = Release|iPhone
		{DF978F1D-6C4B-4425-BEF0-8B50AD0EDA49}.Release|ARM.Build.0 = Release|iPhone
		{DF978F1D-6C4B-4425-BEF0-8B50AD0EDA49}.Release|ARM.Deploy.0 = Release|iPhone
		{DF978F1D-6C4B-4425-BEF0-8B50AD0EDA49}.Release|iPhone.ActiveCfg = Release|iPhone
		{DF978F1D-6C4B-4425-BEF0-8B50AD0EDA49}.Release|iPhone.Build.0 = Release|iPhone
		{DF978F1D-6C4B-4425-BEF0-8B50AD0EDA49}.Release|iPhone.Deploy.0 = Release|iPhone
		{DF978F1D-6C4B-4425-BEF0-8B50AD0EDA49}.Release|iPhoneSimulator.ActiveCfg = Release|iPhoneSimulator
		{DF978F1D-6C4B-4425-BEF0-8B50AD0EDA49}.Release|iPhoneSimulator.Build.0 = Release|iPhoneSimulator
		{DF978F1D-6C4B-4425-BEF0-8B50AD0EDA49}.Release|iPhoneSimulator.Deploy.0 = Release|iPhoneSimulator
		{DF978F1D-6C4B-4425-BEF0-8B50AD0EDA49}.Release|x64.ActiveCfg = Release|iPhone
		{DF978F1D-6C4B-4425-BEF0-8B50AD0EDA49}.Release|x64.Build.0 = Release|iPhone
		{DF978F1D-6C4B-4425-BEF0-8B50AD0EDA49}.Release|x64.Deploy.0 = Release|iPhone
		{DF978F1D-6C4B-4425-BEF0-8B50AD0EDA49}.Release|x86.ActiveCfg = Release|iPhone
		{DF978F1D-6C4B-4425-BEF0-8B50AD0EDA49}.Release|x86.Build.0 = Release|iPhone
		{DF978F1D-6C4B-4425-BEF0-8B50AD0EDA49}.Release|x86.Deploy.0 = Release|iPhone
		{FA76019C-B38E-4519-8957-A03A5B422EF6}.Ad-Hoc|Any CPU.ActiveCfg = Release|x86
		{FA76019C-B38E-4519-8957-A03A5B422EF6}.Ad-Hoc|Any CPU.Build.0 = Release|x86
		{FA76019C-B38E-4519-8957-A03A5B422EF6}.Ad-Hoc|Any CPU.Deploy.0 = Release|x86
		{FA76019C-B38E-4519-8957-A03A5B422EF6}.Ad-Hoc|ARM.ActiveCfg = Release|ARM
		{FA76019C-B38E-4519-8957-A03A5B422EF6}.Ad-Hoc|ARM.Build.0 = Release|ARM
		{FA76019C-B38E-4519-8957-A03A5B422EF6}.Ad-Hoc|ARM.Deploy.0 = Release|ARM
		{FA76019C-B38E-4519-8957-A03A5B422EF6}.Ad-Hoc|iPhone.ActiveCfg = Release|x86
		{FA76019C-B38E-4519-8957-A03A5B422EF6}.Ad-Hoc|iPhone.Build.0 = Release|x86
		{FA76019C-B38E-4519-8957-A03A5B422EF6}.Ad-Hoc|iPhone.Deploy.0 = Release|x86
		{FA76019C-B38E-4519-8957-A03A5B422EF6}.Ad-Hoc|iPhoneSimulator.ActiveCfg = Release|x86
		{FA76019C-B38E-4519-8957-A03A5B422EF6}.Ad-Hoc|iPhoneSimulator.Build.0 = Release|x86
		{FA76019C-B38E-4519-8957-A03A5B422EF6}.Ad-Hoc|iPhoneSimulator.Deploy.0 = Release|x86
		{FA76019C-B38E-4519-8957-A03A5B422EF6}.Ad-Hoc|x64.ActiveCfg = Release|x64
		{FA76019C-B38E-4519-8957-A03A5B422EF6}.Ad-Hoc|x64.Build.0 = Release|x64
		{FA76019C-B38E-4519-8957-A03A5B422EF6}.Ad-Hoc|x64.Deploy.0 = Release|x64
		{FA76019C-B38E-4519-8957-A03A5B422EF6}.Ad-Hoc|x86.ActiveCfg = Release|x86
		{FA76019C-B38E-4519-8957-A03A5B422EF6}.Ad-Hoc|x86.Build.0 = Release|x86
		{FA76019C-B38E-4519-8957-A03A5B422EF6}.Ad-Hoc|x86.Deploy.0 = Release|x86
		{FA76019C-B38E-4519-8957-A03A5B422EF6}.AppStore|Any CPU.ActiveCfg = Release|x86
		{FA76019C-B38E-4519-8957-A03A5B422EF6}.AppStore|Any CPU.Build.0 = Release|x86
		{FA76019C-B38E-4519-8957-A03A5B422EF6}.AppStore|Any CPU.Deploy.0 = Release|x86
		{FA76019C-B38E-4519-8957-A03A5B422EF6}.AppStore|ARM.ActiveCfg = Release|ARM
		{FA76019C-B38E-4519-8957-A03A5B422EF6}.AppStore|ARM.Build.0 = Release|ARM
		{FA76019C-B38E-4519-8957-A03A5B422EF6}.AppStore|ARM.Deploy.0 = Release|ARM
		{FA76019C-B38E-4519-8957-A03A5B422EF6}.AppStore|iPhone.ActiveCfg = Release|x86
		{FA76019C-B38E-4519-8957-A03A5B422EF6}.AppStore|iPhone.Build.0 = Release|x86
		{FA76019C-B38E-4519-8957-A03A5B422EF6}.AppStore|iPhone.Deploy.0 = Release|x86
		{FA76019C-B38E-4519-8957-A03A5B422EF6}.AppStore|iPhoneSimulator.ActiveCfg = Release|x86
		{FA76019C-B38E-4519-8957-A03A5B422EF6}.AppStore|iPhoneSimulator.Build.0 = Release|x86
		{FA76019C-B38E-4519-8957-A03A5B422EF6}.AppStore|iPhoneSimulator.Deploy.0 = Release|x86
		{FA76019C-B38E-4519-8957-A03A5B422EF6}.AppStore|x64.ActiveCfg = Release|x64
		{FA76019C-B38E-4519-8957-A03A5B422EF6}.AppStore|x64.Build.0 = Release|x64
		{FA76019C-B38E-4519-8957-A03A5B422EF6}.AppStore|x64.Deploy.0 = Release|x64
		{FA76019C-B38E-4519-8957-A03A5B422EF6}.AppStore|x86.ActiveCfg = Release|x86
		{FA76019C-B38E-4519-8957-A03A5B422EF6}.AppStore|x86.Build.0 = Release|x86
		{FA76019C-B38E-4519-8957-A03A5B422EF6}.AppStore|x86.Deploy.0 = Release|x86
		{FA76019C-B38E-4519-8957-A03A5B422EF6}.Debug|Any CPU.ActiveCfg = Debug|x86
		{FA76019C-B38E-4519-8957-A03A5B422EF6}.Debug|Any CPU.Build.0 = Debug|x86
		{FA76019C-B38E-4519-8957-A03A5B422EF6}.Debug|Any CPU.Deploy.0 = Debug|x86
		{FA76019C-B38E-4519-8957-A03A5B422EF6}.Debug|ARM.ActiveCfg = Debug|ARM
		{FA76019C-B38E-4519-8957-A03A5B422EF6}.Debug|ARM.Build.0 = Debug|ARM
		{FA76019C-B38E-4519-8957-A03A5B422EF6}.Debug|ARM.Deploy.0 = Debug|ARM
		{FA76019C-B38E-4519-8957-A03A5B422EF6}.Debug|iPhone.ActiveCfg = Debug|x86
		{FA76019C-B38E-4519-8957-A03A5B422EF6}.Debug|iPhone.Build.0 = Debug|x86
		{FA76019C-B38E-4519-8957-A03A5B422EF6}.Debug|iPhone.Deploy.0 = Debug|x86
		{FA76019C-B38E-4519-8957-A03A5B422EF6}.Debug|iPhoneSimulator.ActiveCfg = Debug|x86
		{FA76019C-B38E-4519-8957-A03A5B422EF6}.Debug|iPhoneSimulator.Build.0 = Debug|x86
		{FA76019C-B38E-4519-8957-A03A5B422EF6}.Debug|iPhoneSimulator.Deploy.0 = Debug|x86
		{FA76019C-B38E-4519-8957-A03A5B422EF6}.Debug|x64.ActiveCfg = Debug|x64
		{FA76019C-B38E-4519-8957-A03A5B422EF6}.Debug|x64.Build.0 = Debug|x64
		{FA76019C-B38E-4519-8957-A03A5B422EF6}.Debug|x64.Deploy.0 = Debug|x64
		{FA76019C-B38E-4519-8957-A03A5B422EF6}.Debug|x86.ActiveCfg = Debug|x86
		{FA76019C-B38E-4519-8957-A03A5B422EF6}.Debug|x86.Build.0 = Debug|x86
		{FA76019C-B38E-4519-8957-A03A5B422EF6}.Debug|x86.Deploy.0 = Debug|x86
		{FA76019C-B38E-4519-8957-A03A5B422EF6}.Release|Any CPU.ActiveCfg = Release|x86
		{FA76019C-B38E-4519-8957-A03A5B422EF6}.Release|Any CPU.Build.0 = Release|x86
		{FA76019C-B38E-4519-8957-A03A5B422EF6}.Release|Any CPU.Deploy.0 = Release|x86
		{FA76019C-B38E-4519-8957-A03A5B422EF6}.Release|ARM.ActiveCfg = Release|ARM
		{FA76019C-B38E-4519-8957-A03A5B422EF6}.Release|ARM.Build.0 = Release|ARM
		{FA76019C-B38E-4519-8957-A03A5B422EF6}.Release|ARM.Deploy.0 = Release|ARM
		{FA76019C-B38E-4519-8957-A03A5B422EF6}.Release|iPhone.ActiveCfg = Release|x86
		{FA76019C-B38E-4519-8957-A03A5B422EF6}.Release|iPhone.Build.0 = Release|x86
		{FA76019C-B38E-4519-8957-A03A5B422EF6}.Release|iPhone.Deploy.0 = Release|x86
		{FA76019C-B38E-4519-8957-A03A5B422EF6}.Release|iPhoneSimulator.ActiveCfg = Release|x86
		{FA76019C-B38E-4519-8957-A03A5B422EF6}.Release|iPhoneSimulator.Build.0 = Release|x86
		{FA76019C-B38E-4519-8957-A03A5B422EF6}.Release|iPhoneSimulator.Deploy.0 = Release|x86
		{FA76019C-B38E-4519-8957-A03A5B422EF6}.Release|x64.ActiveCfg = Release|x64
		{FA76019C-B38E-4519-8957-A03A5B422EF6}.Release|x64.Build.0 = Release|x64
		{FA76019C-B38E-4519-8957-A03A5B422EF6}.Release|x64.Deploy.0 = Release|x64
		{FA76019C-B38E-4519-8957-A03A5B422EF6}.Release|x86.ActiveCfg = Release|x86
		{FA76019C-B38E-4519-8957-A03A5B422EF6}.Release|x86.Build.0 = Release|x86
		{FA76019C-B38E-4519-8957-A03A5B422EF6}.Release|x86.Deploy.0 = Release|x86
		{8C6B150C-3D6E-4FF5-9502-559C43C16BF2}.Ad-Hoc|Any CPU.ActiveCfg = Debug|Any CPU
		{8C6B150C-3D6E-4FF5-9502-559C43C16BF2}.Ad-Hoc|Any CPU.Build.0 = Debug|Any CPU
		{8C6B150C-3D6E-4FF5-9502-559C43C16BF2}.Ad-Hoc|Any CPU.Deploy.0 = Debug|Any CPU
		{8C6B150C-3D6E-4FF5-9502-559C43C16BF2}.Ad-Hoc|ARM.ActiveCfg = Debug|Any CPU
		{8C6B150C-3D6E-4FF5-9502-559C43C16BF2}.Ad-Hoc|ARM.Build.0 = Debug|Any CPU
		{8C6B150C-3D6E-4FF5-9502-559C43C16BF2}.Ad-Hoc|ARM.Deploy.0 = Debug|Any CPU
		{8C6B150C-3D6E-4FF5-9502-559C43C16BF2}.Ad-Hoc|iPhone.ActiveCfg = Debug|Any CPU
		{8C6B150C-3D6E-4FF5-9502-559C43C16BF2}.Ad-Hoc|iPhone.Build.0 = Debug|Any CPU
		{8C6B150C-3D6E-4FF5-9502-559C43C16BF2}.Ad-Hoc|iPhone.Deploy.0 = Debug|Any CPU
		{8C6B150C-3D6E-4FF5-9502-559C43C16BF2}.Ad-Hoc|iPhoneSimulator.ActiveCfg = Debug|Any CPU
		{8C6B150C-3D6E-4FF5-9502-559C43C16BF2}.Ad-Hoc|iPhoneSimulator.Build.0 = Debug|Any CPU
		{8C6B150C-3D6E-4FF5-9502-559C43C16BF2}.Ad-Hoc|iPhoneSimulator.Deploy.0 = Debug|Any CPU
		{8C6B150C-3D6E-4FF5-9502-559C43C16BF2}.Ad-Hoc|x64.ActiveCfg = Debug|Any CPU
		{8C6B150C-3D6E-4FF5-9502-559C43C16BF2}.Ad-Hoc|x64.Build.0 = Debug|Any CPU
		{8C6B150C-3D6E-4FF5-9502-559C43C16BF2}.Ad-Hoc|x64.Deploy.0 = Debug|Any CPU
		{8C6B150C-3D6E-4FF5-9502-559C43C16BF2}.Ad-Hoc|x86.ActiveCfg = Debug|Any CPU
		{8C6B150C-3D6E-4FF5-9502-559C43C16BF2}.Ad-Hoc|x86.Build.0 = Debug|Any CPU
		{8C6B150C-3D6E-4FF5-9502-559C43C16BF2}.Ad-Hoc|x86.Deploy.0 = Debug|Any CPU
		{8C6B150C-3D6E-4FF5-9502-559C43C16BF2}.AppStore|Any CPU.ActiveCfg = Debug|Any CPU
		{8C6B150C-3D6E-4FF5-9502-559C43C16BF2}.AppStore|Any CPU.Build.0 = Debug|Any CPU
		{8C6B150C-3D6E-4FF5-9502-559C43C16BF2}.AppStore|Any CPU.Deploy.0 = Debug|Any CPU
		{8C6B150C-3D6E-4FF5-9502-559C43C16BF2}.AppStore|ARM.ActiveCfg = Debug|Any CPU
		{8C6B150C-3D6E-4FF5-9502-559C43C16BF2}.AppStore|ARM.Build.0 = Debug|Any CPU
		{8C6B150C-3D6E-4FF5-9502-559C43C16BF2}.AppStore|ARM.Deploy.0 = Debug|Any CPU
		{8C6B150C-3D6E-4FF5-9502-559C43C16BF2}.AppStore|iPhone.ActiveCfg = Debug|Any CPU
		{8C6B150C-3D6E-4FF5-9502-559C43C16BF2}.AppStore|iPhone.Build.0 = Debug|Any CPU
		{8C6B150C-3D6E-4FF5-9502-559C43C16BF2}.AppStore|iPhone.Deploy.0 = Debug|Any CPU
		{8C6B150C-3D6E-4FF5-9502-559C43C16BF2}.AppStore|iPhoneSimulator.ActiveCfg = Debug|Any CPU
		{8C6B150C-3D6E-4FF5-9502-559C43C16BF2}.AppStore|iPhoneSimulator.Build.0 = Debug|Any CPU
		{8C6B150C-3D6E-4FF5-9502-559C43C16BF2}.AppStore|iPhoneSimulator.Deploy.0 = Debug|Any CPU
		{8C6B150C-3D6E-4FF5-9502-559C43C16BF2}.AppStore|x64.ActiveCfg = Debug|Any CPU
		{8C6B150C-3D6E-4FF5-9502-559C43C16BF2}.AppStore|x64.Build.0 = Debug|Any CPU
		{8C6B150C-3D6E-4FF5-9502-559C43C16BF2}.AppStore|x64.Deploy.0 = Debug|Any CPU
		{8C6B150C-3D6E-4FF5-9502-559C43C16BF2}.AppStore|x86.ActiveCfg = Debug|Any CPU
		{8C6B150C-3D6E-4FF5-9502-559C43C16BF2}.AppStore|x86.Build.0 = Debug|Any CPU
		{8C6B150C-3D6E-4FF5-9502-559C43C16BF2}.AppStore|x86.Deploy.0 = Debug|Any CPU
		{8C6B150C-3D6E-4FF5-9502-559C43C16BF2}.Debug|Any CPU.ActiveCfg = Debug|Any CPU
		{8C6B150C-3D6E-4FF5-9502-559C43C16BF2}.Debug|Any CPU.Build.0 = Debug|Any CPU
		{8C6B150C-3D6E-4FF5-9502-559C43C16BF2}.Debug|Any CPU.Deploy.0 = Debug|Any CPU
		{8C6B150C-3D6E-4FF5-9502-559C43C16BF2}.Debug|ARM.ActiveCfg = Debug|Any CPU
		{8C6B150C-3D6E-4FF5-9502-559C43C16BF2}.Debug|ARM.Build.0 = Debug|Any CPU
		{8C6B150C-3D6E-4FF5-9502-559C43C16BF2}.Debug|ARM.Deploy.0 = Debug|Any CPU
		{8C6B150C-3D6E-4FF5-9502-559C43C16BF2}.Debug|iPhone.ActiveCfg = Debug|Any CPU
		{8C6B150C-3D6E-4FF5-9502-559C43C16BF2}.Debug|iPhone.Build.0 = Debug|Any CPU
		{8C6B150C-3D6E-4FF5-9502-559C43C16BF2}.Debug|iPhone.Deploy.0 = Debug|Any CPU
		{8C6B150C-3D6E-4FF5-9502-559C43C16BF2}.Debug|iPhoneSimulator.ActiveCfg = Debug|Any CPU
		{8C6B150C-3D6E-4FF5-9502-559C43C16BF2}.Debug|iPhoneSimulator.Build.0 = Debug|Any CPU
		{8C6B150C-3D6E-4FF5-9502-559C43C16BF2}.Debug|iPhoneSimulator.Deploy.0 = Debug|Any CPU
		{8C6B150C-3D6E-4FF5-9502-559C43C16BF2}.Debug|x64.ActiveCfg = Debug|Any CPU
		{8C6B150C-3D6E-4FF5-9502-559C43C16BF2}.Debug|x64.Build.0 = Debug|Any CPU
		{8C6B150C-3D6E-4FF5-9502-559C43C16BF2}.Debug|x64.Deploy.0 = Debug|Any CPU
		{8C6B150C-3D6E-4FF5-9502-559C43C16BF2}.Debug|x86.ActiveCfg = Debug|Any CPU
		{8C6B150C-3D6E-4FF5-9502-559C43C16BF2}.Debug|x86.Build.0 = Debug|Any CPU
		{8C6B150C-3D6E-4FF5-9502-559C43C16BF2}.Debug|x86.Deploy.0 = Debug|Any CPU
		{8C6B150C-3D6E-4FF5-9502-559C43C16BF2}.Release|Any CPU.ActiveCfg = Release|Any CPU
		{8C6B150C-3D6E-4FF5-9502-559C43C16BF2}.Release|Any CPU.Build.0 = Release|Any CPU
		{8C6B150C-3D6E-4FF5-9502-559C43C16BF2}.Release|Any CPU.Deploy.0 = Release|Any CPU
		{8C6B150C-3D6E-4FF5-9502-559C43C16BF2}.Release|ARM.ActiveCfg = Release|Any CPU
		{8C6B150C-3D6E-4FF5-9502-559C43C16BF2}.Release|ARM.Build.0 = Release|Any CPU
		{8C6B150C-3D6E-4FF5-9502-559C43C16BF2}.Release|ARM.Deploy.0 = Release|Any CPU
		{8C6B150C-3D6E-4FF5-9502-559C43C16BF2}.Release|iPhone.ActiveCfg = Release|Any CPU
		{8C6B150C-3D6E-4FF5-9502-559C43C16BF2}.Release|iPhone.Build.0 = Release|Any CPU
		{8C6B150C-3D6E-4FF5-9502-559C43C16BF2}.Release|iPhone.Deploy.0 = Release|Any CPU
		{8C6B150C-3D6E-4FF5-9502-559C43C16BF2}.Release|iPhoneSimulator.ActiveCfg = Release|Any CPU
		{8C6B150C-3D6E-4FF5-9502-559C43C16BF2}.Release|iPhoneSimulator.Build.0 = Release|Any CPU
		{8C6B150C-3D6E-4FF5-9502-559C43C16BF2}.Release|iPhoneSimulator.Deploy.0 = Release|Any CPU
		{8C6B150C-3D6E-4FF5-9502-559C43C16BF2}.Release|x64.ActiveCfg = Release|Any CPU
		{8C6B150C-3D6E-4FF5-9502-559C43C16BF2}.Release|x64.Build.0 = Release|Any CPU
		{8C6B150C-3D6E-4FF5-9502-559C43C16BF2}.Release|x64.Deploy.0 = Release|Any CPU
		{8C6B150C-3D6E-4FF5-9502-559C43C16BF2}.Release|x86.ActiveCfg = Release|Any CPU
		{8C6B150C-3D6E-4FF5-9502-559C43C16BF2}.Release|x86.Build.0 = Release|Any CPU
		{8C6B150C-3D6E-4FF5-9502-559C43C16BF2}.Release|x86.Deploy.0 = Release|Any CPU
		{DDAEDDB7-25B7-44B1-8184-D33FA2811411}.Ad-Hoc|Any CPU.ActiveCfg = Debug|Any CPU
		{DDAEDDB7-25B7-44B1-8184-D33FA2811411}.Ad-Hoc|Any CPU.Build.0 = Debug|Any CPU
		{DDAEDDB7-25B7-44B1-8184-D33FA2811411}.Ad-Hoc|ARM.ActiveCfg = Debug|Any CPU
		{DDAEDDB7-25B7-44B1-8184-D33FA2811411}.Ad-Hoc|ARM.Build.0 = Debug|Any CPU
		{DDAEDDB7-25B7-44B1-8184-D33FA2811411}.Ad-Hoc|iPhone.ActiveCfg = Debug|Any CPU
		{DDAEDDB7-25B7-44B1-8184-D33FA2811411}.Ad-Hoc|iPhone.Build.0 = Debug|Any CPU
		{DDAEDDB7-25B7-44B1-8184-D33FA2811411}.Ad-Hoc|iPhoneSimulator.ActiveCfg = Debug|Any CPU
		{DDAEDDB7-25B7-44B1-8184-D33FA2811411}.Ad-Hoc|iPhoneSimulator.Build.0 = Debug|Any CPU
		{DDAEDDB7-25B7-44B1-8184-D33FA2811411}.Ad-Hoc|x64.ActiveCfg = Debug|Any CPU
		{DDAEDDB7-25B7-44B1-8184-D33FA2811411}.Ad-Hoc|x64.Build.0 = Debug|Any CPU
		{DDAEDDB7-25B7-44B1-8184-D33FA2811411}.Ad-Hoc|x86.ActiveCfg = Debug|Any CPU
		{DDAEDDB7-25B7-44B1-8184-D33FA2811411}.Ad-Hoc|x86.Build.0 = Debug|Any CPU
		{DDAEDDB7-25B7-44B1-8184-D33FA2811411}.AppStore|Any CPU.ActiveCfg = Debug|Any CPU
		{DDAEDDB7-25B7-44B1-8184-D33FA2811411}.AppStore|Any CPU.Build.0 = Debug|Any CPU
		{DDAEDDB7-25B7-44B1-8184-D33FA2811411}.AppStore|ARM.ActiveCfg = Debug|Any CPU
		{DDAEDDB7-25B7-44B1-8184-D33FA2811411}.AppStore|ARM.Build.0 = Debug|Any CPU
		{DDAEDDB7-25B7-44B1-8184-D33FA2811411}.AppStore|iPhone.ActiveCfg = Debug|Any CPU
		{DDAEDDB7-25B7-44B1-8184-D33FA2811411}.AppStore|iPhone.Build.0 = Debug|Any CPU
		{DDAEDDB7-25B7-44B1-8184-D33FA2811411}.AppStore|iPhoneSimulator.ActiveCfg = Debug|Any CPU
		{DDAEDDB7-25B7-44B1-8184-D33FA2811411}.AppStore|iPhoneSimulator.Build.0 = Debug|Any CPU
		{DDAEDDB7-25B7-44B1-8184-D33FA2811411}.AppStore|x64.ActiveCfg = Debug|Any CPU
		{DDAEDDB7-25B7-44B1-8184-D33FA2811411}.AppStore|x64.Build.0 = Debug|Any CPU
		{DDAEDDB7-25B7-44B1-8184-D33FA2811411}.AppStore|x86.ActiveCfg = Debug|Any CPU
		{DDAEDDB7-25B7-44B1-8184-D33FA2811411}.AppStore|x86.Build.0 = Debug|Any CPU
		{DDAEDDB7-25B7-44B1-8184-D33FA2811411}.Debug|Any CPU.ActiveCfg = Debug|Any CPU
		{DDAEDDB7-25B7-44B1-8184-D33FA2811411}.Debug|Any CPU.Build.0 = Debug|Any CPU
		{DDAEDDB7-25B7-44B1-8184-D33FA2811411}.Debug|ARM.ActiveCfg = Debug|Any CPU
		{DDAEDDB7-25B7-44B1-8184-D33FA2811411}.Debug|ARM.Build.0 = Debug|Any CPU
		{DDAEDDB7-25B7-44B1-8184-D33FA2811411}.Debug|iPhone.ActiveCfg = Debug|Any CPU
		{DDAEDDB7-25B7-44B1-8184-D33FA2811411}.Debug|iPhone.Build.0 = Debug|Any CPU
		{DDAEDDB7-25B7-44B1-8184-D33FA2811411}.Debug|iPhoneSimulator.ActiveCfg = Debug|Any CPU
		{DDAEDDB7-25B7-44B1-8184-D33FA2811411}.Debug|iPhoneSimulator.Build.0 = Debug|Any CPU
		{DDAEDDB7-25B7-44B1-8184-D33FA2811411}.Debug|x64.ActiveCfg = Debug|Any CPU
		{DDAEDDB7-25B7-44B1-8184-D33FA2811411}.Debug|x64.Build.0 = Debug|Any CPU
		{DDAEDDB7-25B7-44B1-8184-D33FA2811411}.Debug|x86.ActiveCfg = Debug|Any CPU
		{DDAEDDB7-25B7-44B1-8184-D33FA2811411}.Debug|x86.Build.0 = Debug|Any CPU
		{DDAEDDB7-25B7-44B1-8184-D33FA2811411}.Release|Any CPU.ActiveCfg = Release|Any CPU
		{DDAEDDB7-25B7-44B1-8184-D33FA2811411}.Release|Any CPU.Build.0 = Release|Any CPU
		{DDAEDDB7-25B7-44B1-8184-D33FA2811411}.Release|ARM.ActiveCfg = Release|Any CPU
		{DDAEDDB7-25B7-44B1-8184-D33FA2811411}.Release|ARM.Build.0 = Release|Any CPU
		{DDAEDDB7-25B7-44B1-8184-D33FA2811411}.Release|iPhone.ActiveCfg = Release|Any CPU
		{DDAEDDB7-25B7-44B1-8184-D33FA2811411}.Release|iPhone.Build.0 = Release|Any CPU
		{DDAEDDB7-25B7-44B1-8184-D33FA2811411}.Release|iPhoneSimulator.ActiveCfg = Release|Any CPU
		{DDAEDDB7-25B7-44B1-8184-D33FA2811411}.Release|iPhoneSimulator.Build.0 = Release|Any CPU
		{DDAEDDB7-25B7-44B1-8184-D33FA2811411}.Release|x64.ActiveCfg = Release|Any CPU
		{DDAEDDB7-25B7-44B1-8184-D33FA2811411}.Release|x64.Build.0 = Release|Any CPU
		{DDAEDDB7-25B7-44B1-8184-D33FA2811411}.Release|x86.ActiveCfg = Release|Any CPU
		{DDAEDDB7-25B7-44B1-8184-D33FA2811411}.Release|x86.Build.0 = Release|Any CPU
		{A85B08B2-30D2-4E28-A72F-844053BC7B41}.Ad-Hoc|Any CPU.ActiveCfg = Debug|Any CPU
		{A85B08B2-30D2-4E28-A72F-844053BC7B41}.Ad-Hoc|Any CPU.Build.0 = Debug|Any CPU
		{A85B08B2-30D2-4E28-A72F-844053BC7B41}.Ad-Hoc|ARM.ActiveCfg = Debug|Any CPU
		{A85B08B2-30D2-4E28-A72F-844053BC7B41}.Ad-Hoc|ARM.Build.0 = Debug|Any CPU
		{A85B08B2-30D2-4E28-A72F-844053BC7B41}.Ad-Hoc|iPhone.ActiveCfg = Debug|Any CPU
		{A85B08B2-30D2-4E28-A72F-844053BC7B41}.Ad-Hoc|iPhone.Build.0 = Debug|Any CPU
		{A85B08B2-30D2-4E28-A72F-844053BC7B41}.Ad-Hoc|iPhoneSimulator.ActiveCfg = Debug|Any CPU
		{A85B08B2-30D2-4E28-A72F-844053BC7B41}.Ad-Hoc|iPhoneSimulator.Build.0 = Debug|Any CPU
		{A85B08B2-30D2-4E28-A72F-844053BC7B41}.Ad-Hoc|x64.ActiveCfg = Debug|Any CPU
		{A85B08B2-30D2-4E28-A72F-844053BC7B41}.Ad-Hoc|x64.Build.0 = Debug|Any CPU
		{A85B08B2-30D2-4E28-A72F-844053BC7B41}.Ad-Hoc|x86.ActiveCfg = Debug|Any CPU
		{A85B08B2-30D2-4E28-A72F-844053BC7B41}.Ad-Hoc|x86.Build.0 = Debug|Any CPU
		{A85B08B2-30D2-4E28-A72F-844053BC7B41}.AppStore|Any CPU.ActiveCfg = Debug|Any CPU
		{A85B08B2-30D2-4E28-A72F-844053BC7B41}.AppStore|Any CPU.Build.0 = Debug|Any CPU
		{A85B08B2-30D2-4E28-A72F-844053BC7B41}.AppStore|ARM.ActiveCfg = Debug|Any CPU
		{A85B08B2-30D2-4E28-A72F-844053BC7B41}.AppStore|ARM.Build.0 = Debug|Any CPU
		{A85B08B2-30D2-4E28-A72F-844053BC7B41}.AppStore|iPhone.ActiveCfg = Debug|Any CPU
		{A85B08B2-30D2-4E28-A72F-844053BC7B41}.AppStore|iPhone.Build.0 = Debug|Any CPU
		{A85B08B2-30D2-4E28-A72F-844053BC7B41}.AppStore|iPhoneSimulator.ActiveCfg = Debug|Any CPU
		{A85B08B2-30D2-4E28-A72F-844053BC7B41}.AppStore|iPhoneSimulator.Build.0 = Debug|Any CPU
		{A85B08B2-30D2-4E28-A72F-844053BC7B41}.AppStore|x64.ActiveCfg = Debug|Any CPU
		{A85B08B2-30D2-4E28-A72F-844053BC7B41}.AppStore|x64.Build.0 = Debug|Any CPU
		{A85B08B2-30D2-4E28-A72F-844053BC7B41}.AppStore|x86.ActiveCfg = Debug|Any CPU
		{A85B08B2-30D2-4E28-A72F-844053BC7B41}.AppStore|x86.Build.0 = Debug|Any CPU
		{A85B08B2-30D2-4E28-A72F-844053BC7B41}.Debug|Any CPU.ActiveCfg = Debug|Any CPU
		{A85B08B2-30D2-4E28-A72F-844053BC7B41}.Debug|Any CPU.Build.0 = Debug|Any CPU
		{A85B08B2-30D2-4E28-A72F-844053BC7B41}.Debug|ARM.ActiveCfg = Debug|Any CPU
		{A85B08B2-30D2-4E28-A72F-844053BC7B41}.Debug|ARM.Build.0 = Debug|Any CPU
		{A85B08B2-30D2-4E28-A72F-844053BC7B41}.Debug|iPhone.ActiveCfg = Debug|Any CPU
		{A85B08B2-30D2-4E28-A72F-844053BC7B41}.Debug|iPhone.Build.0 = Debug|Any CPU
		{A85B08B2-30D2-4E28-A72F-844053BC7B41}.Debug|iPhoneSimulator.ActiveCfg = Debug|Any CPU
		{A85B08B2-30D2-4E28-A72F-844053BC7B41}.Debug|iPhoneSimulator.Build.0 = Debug|Any CPU
		{A85B08B2-30D2-4E28-A72F-844053BC7B41}.Debug|x64.ActiveCfg = Debug|Any CPU
		{A85B08B2-30D2-4E28-A72F-844053BC7B41}.Debug|x64.Build.0 = Debug|Any CPU
		{A85B08B2-30D2-4E28-A72F-844053BC7B41}.Debug|x86.ActiveCfg = Debug|Any CPU
		{A85B08B2-30D2-4E28-A72F-844053BC7B41}.Debug|x86.Build.0 = Debug|Any CPU
		{A85B08B2-30D2-4E28-A72F-844053BC7B41}.Release|Any CPU.ActiveCfg = Release|Any CPU
		{A85B08B2-30D2-4E28-A72F-844053BC7B41}.Release|Any CPU.Build.0 = Release|Any CPU
		{A85B08B2-30D2-4E28-A72F-844053BC7B41}.Release|ARM.ActiveCfg = Release|Any CPU
		{A85B08B2-30D2-4E28-A72F-844053BC7B41}.Release|ARM.Build.0 = Release|Any CPU
		{A85B08B2-30D2-4E28-A72F-844053BC7B41}.Release|iPhone.ActiveCfg = Release|Any CPU
		{A85B08B2-30D2-4E28-A72F-844053BC7B41}.Release|iPhone.Build.0 = Release|Any CPU
		{A85B08B2-30D2-4E28-A72F-844053BC7B41}.Release|iPhoneSimulator.ActiveCfg = Release|Any CPU
		{A85B08B2-30D2-4E28-A72F-844053BC7B41}.Release|iPhoneSimulator.Build.0 = Release|Any CPU
		{A85B08B2-30D2-4E28-A72F-844053BC7B41}.Release|x64.ActiveCfg = Release|Any CPU
		{A85B08B2-30D2-4E28-A72F-844053BC7B41}.Release|x64.Build.0 = Release|Any CPU
		{A85B08B2-30D2-4E28-A72F-844053BC7B41}.Release|x86.ActiveCfg = Release|Any CPU
		{A85B08B2-30D2-4E28-A72F-844053BC7B41}.Release|x86.Build.0 = Release|Any CPU
		{F7645C2B-8702-4EDB-A04D-8CFF78B7E131}.Ad-Hoc|Any CPU.ActiveCfg = Release|Any CPU
		{F7645C2B-8702-4EDB-A04D-8CFF78B7E131}.Ad-Hoc|Any CPU.Build.0 = Release|Any CPU
		{F7645C2B-8702-4EDB-A04D-8CFF78B7E131}.Ad-Hoc|ARM.ActiveCfg = Release|Any CPU
		{F7645C2B-8702-4EDB-A04D-8CFF78B7E131}.Ad-Hoc|ARM.Build.0 = Release|Any CPU
		{F7645C2B-8702-4EDB-A04D-8CFF78B7E131}.Ad-Hoc|iPhone.ActiveCfg = Release|Any CPU
		{F7645C2B-8702-4EDB-A04D-8CFF78B7E131}.Ad-Hoc|iPhone.Build.0 = Release|Any CPU
		{F7645C2B-8702-4EDB-A04D-8CFF78B7E131}.Ad-Hoc|iPhoneSimulator.ActiveCfg = Release|Any CPU
		{F7645C2B-8702-4EDB-A04D-8CFF78B7E131}.Ad-Hoc|iPhoneSimulator.Build.0 = Release|Any CPU
		{F7645C2B-8702-4EDB-A04D-8CFF78B7E131}.Ad-Hoc|x64.ActiveCfg = Release|Any CPU
		{F7645C2B-8702-4EDB-A04D-8CFF78B7E131}.Ad-Hoc|x64.Build.0 = Release|Any CPU
		{F7645C2B-8702-4EDB-A04D-8CFF78B7E131}.Ad-Hoc|x86.ActiveCfg = Release|Any CPU
		{F7645C2B-8702-4EDB-A04D-8CFF78B7E131}.Ad-Hoc|x86.Build.0 = Release|Any CPU
		{F7645C2B-8702-4EDB-A04D-8CFF78B7E131}.AppStore|Any CPU.ActiveCfg = Release|Any CPU
		{F7645C2B-8702-4EDB-A04D-8CFF78B7E131}.AppStore|Any CPU.Build.0 = Release|Any CPU
		{F7645C2B-8702-4EDB-A04D-8CFF78B7E131}.AppStore|ARM.ActiveCfg = Release|Any CPU
		{F7645C2B-8702-4EDB-A04D-8CFF78B7E131}.AppStore|ARM.Build.0 = Release|Any CPU
		{F7645C2B-8702-4EDB-A04D-8CFF78B7E131}.AppStore|iPhone.ActiveCfg = Release|Any CPU
		{F7645C2B-8702-4EDB-A04D-8CFF78B7E131}.AppStore|iPhone.Build.0 = Release|Any CPU
		{F7645C2B-8702-4EDB-A04D-8CFF78B7E131}.AppStore|iPhoneSimulator.ActiveCfg = Release|Any CPU
		{F7645C2B-8702-4EDB-A04D-8CFF78B7E131}.AppStore|iPhoneSimulator.Build.0 = Release|Any CPU
		{F7645C2B-8702-4EDB-A04D-8CFF78B7E131}.AppStore|x64.ActiveCfg = Release|Any CPU
		{F7645C2B-8702-4EDB-A04D-8CFF78B7E131}.AppStore|x64.Build.0 = Release|Any CPU
		{F7645C2B-8702-4EDB-A04D-8CFF78B7E131}.AppStore|x86.ActiveCfg = Release|Any CPU
		{F7645C2B-8702-4EDB-A04D-8CFF78B7E131}.AppStore|x86.Build.0 = Release|Any CPU
		{F7645C2B-8702-4EDB-A04D-8CFF78B7E131}.Debug|Any CPU.ActiveCfg = Debug|Any CPU
		{F7645C2B-8702-4EDB-A04D-8CFF78B7E131}.Debug|Any CPU.Build.0 = Debug|Any CPU
		{F7645C2B-8702-4EDB-A04D-8CFF78B7E131}.Debug|ARM.ActiveCfg = Debug|Any CPU
		{F7645C2B-8702-4EDB-A04D-8CFF78B7E131}.Debug|ARM.Build.0 = Debug|Any CPU
		{F7645C2B-8702-4EDB-A04D-8CFF78B7E131}.Debug|iPhone.ActiveCfg = Debug|Any CPU
		{F7645C2B-8702-4EDB-A04D-8CFF78B7E131}.Debug|iPhone.Build.0 = Debug|Any CPU
		{F7645C2B-8702-4EDB-A04D-8CFF78B7E131}.Debug|iPhoneSimulator.ActiveCfg = Debug|Any CPU
		{F7645C2B-8702-4EDB-A04D-8CFF78B7E131}.Debug|iPhoneSimulator.Build.0 = Debug|Any CPU
		{F7645C2B-8702-4EDB-A04D-8CFF78B7E131}.Debug|x64.ActiveCfg = Debug|Any CPU
		{F7645C2B-8702-4EDB-A04D-8CFF78B7E131}.Debug|x64.Build.0 = Debug|Any CPU
		{F7645C2B-8702-4EDB-A04D-8CFF78B7E131}.Debug|x86.ActiveCfg = Debug|Any CPU
		{F7645C2B-8702-4EDB-A04D-8CFF78B7E131}.Debug|x86.Build.0 = Debug|Any CPU
		{F7645C2B-8702-4EDB-A04D-8CFF78B7E131}.Release|Any CPU.ActiveCfg = Release|Any CPU
		{F7645C2B-8702-4EDB-A04D-8CFF78B7E131}.Release|Any CPU.Build.0 = Release|Any CPU
		{F7645C2B-8702-4EDB-A04D-8CFF78B7E131}.Release|ARM.ActiveCfg = Release|Any CPU
		{F7645C2B-8702-4EDB-A04D-8CFF78B7E131}.Release|ARM.Build.0 = Release|Any CPU
		{F7645C2B-8702-4EDB-A04D-8CFF78B7E131}.Release|iPhone.ActiveCfg = Release|Any CPU
		{F7645C2B-8702-4EDB-A04D-8CFF78B7E131}.Release|iPhone.Build.0 = Release|Any CPU
		{F7645C2B-8702-4EDB-A04D-8CFF78B7E131}.Release|iPhoneSimulator.ActiveCfg = Release|Any CPU
		{F7645C2B-8702-4EDB-A04D-8CFF78B7E131}.Release|iPhoneSimulator.Build.0 = Release|Any CPU
		{F7645C2B-8702-4EDB-A04D-8CFF78B7E131}.Release|x64.ActiveCfg = Release|Any CPU
		{F7645C2B-8702-4EDB-A04D-8CFF78B7E131}.Release|x64.Build.0 = Release|Any CPU
		{F7645C2B-8702-4EDB-A04D-8CFF78B7E131}.Release|x86.ActiveCfg = Release|Any CPU
		{F7645C2B-8702-4EDB-A04D-8CFF78B7E131}.Release|x86.Build.0 = Release|Any CPU
		{921CC8D1-6DDE-4670-82CF-14AACEF4CA5B}.Ad-Hoc|Any CPU.ActiveCfg = Debug|Any CPU
		{921CC8D1-6DDE-4670-82CF-14AACEF4CA5B}.Ad-Hoc|Any CPU.Build.0 = Debug|Any CPU
		{921CC8D1-6DDE-4670-82CF-14AACEF4CA5B}.Ad-Hoc|ARM.ActiveCfg = Debug|Any CPU
		{921CC8D1-6DDE-4670-82CF-14AACEF4CA5B}.Ad-Hoc|ARM.Build.0 = Debug|Any CPU
		{921CC8D1-6DDE-4670-82CF-14AACEF4CA5B}.Ad-Hoc|iPhone.ActiveCfg = Debug|Any CPU
		{921CC8D1-6DDE-4670-82CF-14AACEF4CA5B}.Ad-Hoc|iPhone.Build.0 = Debug|Any CPU
		{921CC8D1-6DDE-4670-82CF-14AACEF4CA5B}.Ad-Hoc|iPhoneSimulator.ActiveCfg = Debug|Any CPU
		{921CC8D1-6DDE-4670-82CF-14AACEF4CA5B}.Ad-Hoc|iPhoneSimulator.Build.0 = Debug|Any CPU
		{921CC8D1-6DDE-4670-82CF-14AACEF4CA5B}.Ad-Hoc|x64.ActiveCfg = Debug|Any CPU
		{921CC8D1-6DDE-4670-82CF-14AACEF4CA5B}.Ad-Hoc|x64.Build.0 = Debug|Any CPU
		{921CC8D1-6DDE-4670-82CF-14AACEF4CA5B}.Ad-Hoc|x86.ActiveCfg = Debug|Any CPU
		{921CC8D1-6DDE-4670-82CF-14AACEF4CA5B}.Ad-Hoc|x86.Build.0 = Debug|Any CPU
		{921CC8D1-6DDE-4670-82CF-14AACEF4CA5B}.AppStore|Any CPU.ActiveCfg = Debug|Any CPU
		{921CC8D1-6DDE-4670-82CF-14AACEF4CA5B}.AppStore|Any CPU.Build.0 = Debug|Any CPU
		{921CC8D1-6DDE-4670-82CF-14AACEF4CA5B}.AppStore|ARM.ActiveCfg = Debug|Any CPU
		{921CC8D1-6DDE-4670-82CF-14AACEF4CA5B}.AppStore|ARM.Build.0 = Debug|Any CPU
		{921CC8D1-6DDE-4670-82CF-14AACEF4CA5B}.AppStore|iPhone.ActiveCfg = Debug|Any CPU
		{921CC8D1-6DDE-4670-82CF-14AACEF4CA5B}.AppStore|iPhone.Build.0 = Debug|Any CPU
		{921CC8D1-6DDE-4670-82CF-14AACEF4CA5B}.AppStore|iPhoneSimulator.ActiveCfg = Debug|Any CPU
		{921CC8D1-6DDE-4670-82CF-14AACEF4CA5B}.AppStore|iPhoneSimulator.Build.0 = Debug|Any CPU
		{921CC8D1-6DDE-4670-82CF-14AACEF4CA5B}.AppStore|x64.ActiveCfg = Debug|Any CPU
		{921CC8D1-6DDE-4670-82CF-14AACEF4CA5B}.AppStore|x64.Build.0 = Debug|Any CPU
		{921CC8D1-6DDE-4670-82CF-14AACEF4CA5B}.AppStore|x86.ActiveCfg = Debug|Any CPU
		{921CC8D1-6DDE-4670-82CF-14AACEF4CA5B}.AppStore|x86.Build.0 = Debug|Any CPU
		{921CC8D1-6DDE-4670-82CF-14AACEF4CA5B}.Debug|Any CPU.ActiveCfg = Debug|Any CPU
		{921CC8D1-6DDE-4670-82CF-14AACEF4CA5B}.Debug|Any CPU.Build.0 = Debug|Any CPU
		{921CC8D1-6DDE-4670-82CF-14AACEF4CA5B}.Debug|ARM.ActiveCfg = Debug|Any CPU
		{921CC8D1-6DDE-4670-82CF-14AACEF4CA5B}.Debug|ARM.Build.0 = Debug|Any CPU
		{921CC8D1-6DDE-4670-82CF-14AACEF4CA5B}.Debug|iPhone.ActiveCfg = Debug|Any CPU
		{921CC8D1-6DDE-4670-82CF-14AACEF4CA5B}.Debug|iPhone.Build.0 = Debug|Any CPU
		{921CC8D1-6DDE-4670-82CF-14AACEF4CA5B}.Debug|iPhoneSimulator.ActiveCfg = Debug|Any CPU
		{921CC8D1-6DDE-4670-82CF-14AACEF4CA5B}.Debug|iPhoneSimulator.Build.0 = Debug|Any CPU
		{921CC8D1-6DDE-4670-82CF-14AACEF4CA5B}.Debug|x64.ActiveCfg = Debug|Any CPU
		{921CC8D1-6DDE-4670-82CF-14AACEF4CA5B}.Debug|x64.Build.0 = Debug|Any CPU
		{921CC8D1-6DDE-4670-82CF-14AACEF4CA5B}.Debug|x86.ActiveCfg = Debug|Any CPU
		{921CC8D1-6DDE-4670-82CF-14AACEF4CA5B}.Debug|x86.Build.0 = Debug|Any CPU
		{921CC8D1-6DDE-4670-82CF-14AACEF4CA5B}.Release|Any CPU.ActiveCfg = Release|Any CPU
		{921CC8D1-6DDE-4670-82CF-14AACEF4CA5B}.Release|Any CPU.Build.0 = Release|Any CPU
		{921CC8D1-6DDE-4670-82CF-14AACEF4CA5B}.Release|ARM.ActiveCfg = Release|Any CPU
		{921CC8D1-6DDE-4670-82CF-14AACEF4CA5B}.Release|ARM.Build.0 = Release|Any CPU
		{921CC8D1-6DDE-4670-82CF-14AACEF4CA5B}.Release|iPhone.ActiveCfg = Release|Any CPU
		{921CC8D1-6DDE-4670-82CF-14AACEF4CA5B}.Release|iPhone.Build.0 = Release|Any CPU
		{921CC8D1-6DDE-4670-82CF-14AACEF4CA5B}.Release|iPhoneSimulator.ActiveCfg = Release|Any CPU
		{921CC8D1-6DDE-4670-82CF-14AACEF4CA5B}.Release|iPhoneSimulator.Build.0 = Release|Any CPU
		{921CC8D1-6DDE-4670-82CF-14AACEF4CA5B}.Release|x64.ActiveCfg = Release|Any CPU
		{921CC8D1-6DDE-4670-82CF-14AACEF4CA5B}.Release|x64.Build.0 = Release|Any CPU
		{921CC8D1-6DDE-4670-82CF-14AACEF4CA5B}.Release|x86.ActiveCfg = Release|Any CPU
		{921CC8D1-6DDE-4670-82CF-14AACEF4CA5B}.Release|x86.Build.0 = Release|Any CPU
		{6387CEF0-0B66-44DD-BF07-1889BBD607A9}.Ad-Hoc|Any CPU.ActiveCfg = Debug|Any CPU
		{6387CEF0-0B66-44DD-BF07-1889BBD607A9}.Ad-Hoc|Any CPU.Build.0 = Debug|Any CPU
		{6387CEF0-0B66-44DD-BF07-1889BBD607A9}.Ad-Hoc|ARM.ActiveCfg = Debug|Any CPU
		{6387CEF0-0B66-44DD-BF07-1889BBD607A9}.Ad-Hoc|ARM.Build.0 = Debug|Any CPU
		{6387CEF0-0B66-44DD-BF07-1889BBD607A9}.Ad-Hoc|iPhone.ActiveCfg = Debug|Any CPU
		{6387CEF0-0B66-44DD-BF07-1889BBD607A9}.Ad-Hoc|iPhone.Build.0 = Debug|Any CPU
		{6387CEF0-0B66-44DD-BF07-1889BBD607A9}.Ad-Hoc|iPhoneSimulator.ActiveCfg = Debug|Any CPU
		{6387CEF0-0B66-44DD-BF07-1889BBD607A9}.Ad-Hoc|iPhoneSimulator.Build.0 = Debug|Any CPU
		{6387CEF0-0B66-44DD-BF07-1889BBD607A9}.Ad-Hoc|x64.ActiveCfg = Debug|Any CPU
		{6387CEF0-0B66-44DD-BF07-1889BBD607A9}.Ad-Hoc|x64.Build.0 = Debug|Any CPU
		{6387CEF0-0B66-44DD-BF07-1889BBD607A9}.Ad-Hoc|x86.ActiveCfg = Debug|Any CPU
		{6387CEF0-0B66-44DD-BF07-1889BBD607A9}.Ad-Hoc|x86.Build.0 = Debug|Any CPU
		{6387CEF0-0B66-44DD-BF07-1889BBD607A9}.AppStore|Any CPU.ActiveCfg = Debug|Any CPU
		{6387CEF0-0B66-44DD-BF07-1889BBD607A9}.AppStore|Any CPU.Build.0 = Debug|Any CPU
		{6387CEF0-0B66-44DD-BF07-1889BBD607A9}.AppStore|ARM.ActiveCfg = Debug|Any CPU
		{6387CEF0-0B66-44DD-BF07-1889BBD607A9}.AppStore|ARM.Build.0 = Debug|Any CPU
		{6387CEF0-0B66-44DD-BF07-1889BBD607A9}.AppStore|iPhone.ActiveCfg = Debug|Any CPU
		{6387CEF0-0B66-44DD-BF07-1889BBD607A9}.AppStore|iPhone.Build.0 = Debug|Any CPU
		{6387CEF0-0B66-44DD-BF07-1889BBD607A9}.AppStore|iPhoneSimulator.ActiveCfg = Debug|Any CPU
		{6387CEF0-0B66-44DD-BF07-1889BBD607A9}.AppStore|iPhoneSimulator.Build.0 = Debug|Any CPU
		{6387CEF0-0B66-44DD-BF07-1889BBD607A9}.AppStore|x64.ActiveCfg = Debug|Any CPU
		{6387CEF0-0B66-44DD-BF07-1889BBD607A9}.AppStore|x64.Build.0 = Debug|Any CPU
		{6387CEF0-0B66-44DD-BF07-1889BBD607A9}.AppStore|x86.ActiveCfg = Debug|Any CPU
		{6387CEF0-0B66-44DD-BF07-1889BBD607A9}.AppStore|x86.Build.0 = Debug|Any CPU
		{6387CEF0-0B66-44DD-BF07-1889BBD607A9}.Debug|Any CPU.ActiveCfg = Debug|Any CPU
		{6387CEF0-0B66-44DD-BF07-1889BBD607A9}.Debug|Any CPU.Build.0 = Debug|Any CPU
		{6387CEF0-0B66-44DD-BF07-1889BBD607A9}.Debug|ARM.ActiveCfg = Debug|Any CPU
		{6387CEF0-0B66-44DD-BF07-1889BBD607A9}.Debug|ARM.Build.0 = Debug|Any CPU
		{6387CEF0-0B66-44DD-BF07-1889BBD607A9}.Debug|iPhone.ActiveCfg = Debug|Any CPU
		{6387CEF0-0B66-44DD-BF07-1889BBD607A9}.Debug|iPhone.Build.0 = Debug|Any CPU
		{6387CEF0-0B66-44DD-BF07-1889BBD607A9}.Debug|iPhoneSimulator.ActiveCfg = Debug|Any CPU
		{6387CEF0-0B66-44DD-BF07-1889BBD607A9}.Debug|iPhoneSimulator.Build.0 = Debug|Any CPU
		{6387CEF0-0B66-44DD-BF07-1889BBD607A9}.Debug|x64.ActiveCfg = Debug|Any CPU
		{6387CEF0-0B66-44DD-BF07-1889BBD607A9}.Debug|x64.Build.0 = Debug|Any CPU
		{6387CEF0-0B66-44DD-BF07-1889BBD607A9}.Debug|x86.ActiveCfg = Debug|Any CPU
		{6387CEF0-0B66-44DD-BF07-1889BBD607A9}.Debug|x86.Build.0 = Debug|Any CPU
		{6387CEF0-0B66-44DD-BF07-1889BBD607A9}.Release|Any CPU.ActiveCfg = Release|Any CPU
		{6387CEF0-0B66-44DD-BF07-1889BBD607A9}.Release|Any CPU.Build.0 = Release|Any CPU
		{6387CEF0-0B66-44DD-BF07-1889BBD607A9}.Release|ARM.ActiveCfg = Release|Any CPU
		{6387CEF0-0B66-44DD-BF07-1889BBD607A9}.Release|ARM.Build.0 = Release|Any CPU
		{6387CEF0-0B66-44DD-BF07-1889BBD607A9}.Release|iPhone.ActiveCfg = Release|Any CPU
		{6387CEF0-0B66-44DD-BF07-1889BBD607A9}.Release|iPhone.Build.0 = Release|Any CPU
		{6387CEF0-0B66-44DD-BF07-1889BBD607A9}.Release|iPhoneSimulator.ActiveCfg = Release|Any CPU
		{6387CEF0-0B66-44DD-BF07-1889BBD607A9}.Release|iPhoneSimulator.Build.0 = Release|Any CPU
		{6387CEF0-0B66-44DD-BF07-1889BBD607A9}.Release|x64.ActiveCfg = Release|Any CPU
		{6387CEF0-0B66-44DD-BF07-1889BBD607A9}.Release|x64.Build.0 = Release|Any CPU
		{6387CEF0-0B66-44DD-BF07-1889BBD607A9}.Release|x86.ActiveCfg = Release|Any CPU
		{6387CEF0-0B66-44DD-BF07-1889BBD607A9}.Release|x86.Build.0 = Release|Any CPU
		{34701372-44E5-4E2D-9C4D-2E19EB26B97D}.Ad-Hoc|Any CPU.ActiveCfg = Release|Any CPU
		{34701372-44E5-4E2D-9C4D-2E19EB26B97D}.Ad-Hoc|Any CPU.Build.0 = Release|Any CPU
		{34701372-44E5-4E2D-9C4D-2E19EB26B97D}.Ad-Hoc|ARM.ActiveCfg = Release|Any CPU
		{34701372-44E5-4E2D-9C4D-2E19EB26B97D}.Ad-Hoc|ARM.Build.0 = Release|Any CPU
		{34701372-44E5-4E2D-9C4D-2E19EB26B97D}.Ad-Hoc|iPhone.ActiveCfg = Release|Any CPU
		{34701372-44E5-4E2D-9C4D-2E19EB26B97D}.Ad-Hoc|iPhone.Build.0 = Release|Any CPU
		{34701372-44E5-4E2D-9C4D-2E19EB26B97D}.Ad-Hoc|iPhoneSimulator.ActiveCfg = Release|Any CPU
		{34701372-44E5-4E2D-9C4D-2E19EB26B97D}.Ad-Hoc|iPhoneSimulator.Build.0 = Release|Any CPU
		{34701372-44E5-4E2D-9C4D-2E19EB26B97D}.Ad-Hoc|x64.ActiveCfg = Release|Any CPU
		{34701372-44E5-4E2D-9C4D-2E19EB26B97D}.Ad-Hoc|x64.Build.0 = Release|Any CPU
		{34701372-44E5-4E2D-9C4D-2E19EB26B97D}.Ad-Hoc|x86.ActiveCfg = Release|Any CPU
		{34701372-44E5-4E2D-9C4D-2E19EB26B97D}.Ad-Hoc|x86.Build.0 = Release|Any CPU
		{34701372-44E5-4E2D-9C4D-2E19EB26B97D}.AppStore|Any CPU.ActiveCfg = Release|Any CPU
		{34701372-44E5-4E2D-9C4D-2E19EB26B97D}.AppStore|Any CPU.Build.0 = Release|Any CPU
		{34701372-44E5-4E2D-9C4D-2E19EB26B97D}.AppStore|ARM.ActiveCfg = Release|Any CPU
		{34701372-44E5-4E2D-9C4D-2E19EB26B97D}.AppStore|ARM.Build.0 = Release|Any CPU
		{34701372-44E5-4E2D-9C4D-2E19EB26B97D}.AppStore|iPhone.ActiveCfg = Release|Any CPU
		{34701372-44E5-4E2D-9C4D-2E19EB26B97D}.AppStore|iPhone.Build.0 = Release|Any CPU
		{34701372-44E5-4E2D-9C4D-2E19EB26B97D}.AppStore|iPhoneSimulator.ActiveCfg = Release|Any CPU
		{34701372-44E5-4E2D-9C4D-2E19EB26B97D}.AppStore|iPhoneSimulator.Build.0 = Release|Any CPU
		{34701372-44E5-4E2D-9C4D-2E19EB26B97D}.AppStore|x64.ActiveCfg = Release|Any CPU
		{34701372-44E5-4E2D-9C4D-2E19EB26B97D}.AppStore|x64.Build.0 = Release|Any CPU
		{34701372-44E5-4E2D-9C4D-2E19EB26B97D}.AppStore|x86.ActiveCfg = Release|Any CPU
		{34701372-44E5-4E2D-9C4D-2E19EB26B97D}.AppStore|x86.Build.0 = Release|Any CPU
		{34701372-44E5-4E2D-9C4D-2E19EB26B97D}.Debug|Any CPU.ActiveCfg = Debug|Any CPU
		{34701372-44E5-4E2D-9C4D-2E19EB26B97D}.Debug|Any CPU.Build.0 = Debug|Any CPU
		{34701372-44E5-4E2D-9C4D-2E19EB26B97D}.Debug|ARM.ActiveCfg = Debug|Any CPU
		{34701372-44E5-4E2D-9C4D-2E19EB26B97D}.Debug|ARM.Build.0 = Debug|Any CPU
		{34701372-44E5-4E2D-9C4D-2E19EB26B97D}.Debug|iPhone.ActiveCfg = Debug|Any CPU
		{34701372-44E5-4E2D-9C4D-2E19EB26B97D}.Debug|iPhone.Build.0 = Debug|Any CPU
		{34701372-44E5-4E2D-9C4D-2E19EB26B97D}.Debug|iPhoneSimulator.ActiveCfg = Debug|Any CPU
		{34701372-44E5-4E2D-9C4D-2E19EB26B97D}.Debug|iPhoneSimulator.Build.0 = Debug|Any CPU
		{34701372-44E5-4E2D-9C4D-2E19EB26B97D}.Debug|x64.ActiveCfg = Debug|Any CPU
		{34701372-44E5-4E2D-9C4D-2E19EB26B97D}.Debug|x64.Build.0 = Debug|Any CPU
		{34701372-44E5-4E2D-9C4D-2E19EB26B97D}.Debug|x86.ActiveCfg = Debug|Any CPU
		{34701372-44E5-4E2D-9C4D-2E19EB26B97D}.Debug|x86.Build.0 = Debug|Any CPU
		{34701372-44E5-4E2D-9C4D-2E19EB26B97D}.Release|Any CPU.ActiveCfg = Release|Any CPU
		{34701372-44E5-4E2D-9C4D-2E19EB26B97D}.Release|Any CPU.Build.0 = Release|Any CPU
		{34701372-44E5-4E2D-9C4D-2E19EB26B97D}.Release|ARM.ActiveCfg = Release|Any CPU
		{34701372-44E5-4E2D-9C4D-2E19EB26B97D}.Release|ARM.Build.0 = Release|Any CPU
		{34701372-44E5-4E2D-9C4D-2E19EB26B97D}.Release|iPhone.ActiveCfg = Release|Any CPU
		{34701372-44E5-4E2D-9C4D-2E19EB26B97D}.Release|iPhone.Build.0 = Release|Any CPU
		{34701372-44E5-4E2D-9C4D-2E19EB26B97D}.Release|iPhoneSimulator.ActiveCfg = Release|Any CPU
		{34701372-44E5-4E2D-9C4D-2E19EB26B97D}.Release|iPhoneSimulator.Build.0 = Release|Any CPU
		{34701372-44E5-4E2D-9C4D-2E19EB26B97D}.Release|x64.ActiveCfg = Release|Any CPU
		{34701372-44E5-4E2D-9C4D-2E19EB26B97D}.Release|x64.Build.0 = Release|Any CPU
		{34701372-44E5-4E2D-9C4D-2E19EB26B97D}.Release|x86.ActiveCfg = Release|Any CPU
		{34701372-44E5-4E2D-9C4D-2E19EB26B97D}.Release|x86.Build.0 = Release|Any CPU
	EndGlobalSection
	GlobalSection(SolutionProperties) = preSolution
		HideSolutionNode = FALSE
	EndGlobalSection
	GlobalSection(NestedProjects) = preSolution
		{DDAEDDB7-25B7-44B1-8184-D33FA2811411} = {E68727C7-AF42-4D34-8ED3-1D6507C452D2}
		{A85B08B2-30D2-4E28-A72F-844053BC7B41} = {8A2EC789-5CCB-43BE-9BE7-69D104303ED9}
		{F7645C2B-8702-4EDB-A04D-8CFF78B7E131} = {E68727C7-AF42-4D34-8ED3-1D6507C452D2}
		{921CC8D1-6DDE-4670-82CF-14AACEF4CA5B} = {BD5FF89C-6A41-48FB-A0E5-96256A6974A0}
		{6387CEF0-0B66-44DD-BF07-1889BBD607A9} = {5493BAA5-9DCE-4ECE-A538-38D4586D1BC9}
		{34701372-44E5-4E2D-9C4D-2E19EB26B97D} = {5493BAA5-9DCE-4ECE-A538-38D4586D1BC9}
	EndGlobalSection
	GlobalSection(ExtensibilityGlobals) = postSolution
		SolutionGuid = {CAC763D5-C445-4476-9281-AC7DCAA628B5}
	EndGlobalSection
EndGlobal
